
Microsoft Visual Studio Solution File, Format Version 12.00
# Visual Studio Version 17
VisualStudioVersion = 17.9.34728.123
MinimumVisualStudioVersion = 10.0.40219.1
Project("{F2A71F9B-5D33-465A-A702-920D77279786}") = "TcpStateMachine", "TcpStateMachine.fsproj", "{03F7599E-AAF0-4C25-947B-CE1F0878B096}"
EndProject
Global
	GlobalSection(SolutionConfigurationPlatforms) = preSolution
		Debug|Any CPU = Debug|Any CPU
		Release|Any CPU = Release|Any CPU
	EndGlobalSection
	GlobalSection(ProjectConfigurationPlatforms) = postSolution
		{03F7599E-AAF0-4C25-947B-CE1F0878B096}.Debug|Any CPU.ActiveCfg = Debug|Any CPU
		{03F7599E-AAF0-4C25-947B-CE1F0878B096}.Debug|Any CPU.Build.0 = Debug|Any CPU
		{03F7599E-AAF0-4C25-947B-CE1F0878B096}.Release|Any CPU.ActiveCfg = Release|Any CPU
		{03F7599E-AAF0-4C25-947B-CE1F0878B096}.Release|Any CPU.Build.0 = Release|Any CPU
	EndGlobalSection
	GlobalSection(SolutionProperties) = preSolution
		HideSolutionNode = FALSE
	EndGlobalSection
	GlobalSection(ExtensibilityGlobals) = postSolution
		SolutionGuid = {21271F27-2EA0-4DB2-8546-D78254723686}
	EndGlobalSection
EndGlobal
